
Microsoft Visual Studio Solution File, Format Version 12.00
# Visual Studio Version 17
VisualStudioVersion = 17.14.36127.28 d17.14
MinimumVisualStudioVersion = 10.0.40219.1
Project("{FAE04EC0-301F-11D3-BF4B-00C04F79EFBC}") = "AlprNet.ConsoleApp", "AlprNet.ConsoleApp\AlprNet.ConsoleApp.csproj", "{54CC66C7-FC3F-4876-A6D9-C46AAFB0AE2A}"
EndProject
Project("{FAE04EC0-301F-11D3-BF4B-00C04F79EFBC}") = "AlprNet.Lib", "AlprNet.Lib\AlprNet.Lib.csproj", "{2ED839A3-3152-4D1D-B6C6-80AC487CBD48}"
EndProject
Global
	GlobalSection(SolutionConfigurationPlatforms) = preSolution
		Debug|Any CPU = Debug|Any CPU
		Release|Any CPU = Release|Any CPU
	EndGlobalSection
	GlobalSection(ProjectConfigurationPlatforms) = postSolution
		{54CC66C7-FC3F-4876-A6D9-C46AAFB0AE2A}.Debug|Any CPU.ActiveCfg = Debug|Any CPU
		{54CC66C7-FC3F-4876-A6D9-C46AAFB0AE2A}.Debug|Any CPU.Build.0 = Debug|Any CPU
		{54CC66C7-FC3F-4876-A6D9-C46AAFB0AE2A}.Release|Any CPU.ActiveCfg = Release|Any CPU
		{54CC66C7-FC3F-4876-A6D9-C46AAFB0AE2A}.Release|Any CPU.Build.0 = Release|Any CPU
		{2ED839A3-3152-4D1D-B6C6-80AC487CBD48}.Debug|Any CPU.ActiveCfg = Debug|Any CPU
		{2ED839A3-3152-4D1D-B6C6-80AC487CBD48}.Debug|Any CPU.Build.0 = Debug|Any CPU
		{2ED839A3-3152-4D1D-B6C6-80AC487CBD48}.Release|Any CPU.ActiveCfg = Release|Any CPU
		{2ED839A3-3152-4D1D-B6C6-80AC487CBD48}.Release|Any CPU.Build.0 = Release|Any CPU
	EndGlobalSection
	GlobalSection(SolutionProperties) = preSolution
		HideSolutionNode = FALSE
	EndGlobalSection
	GlobalSection(ExtensibilityGlobals) = postSolution
		SolutionGuid = {0DBED2FC-48E7-4B30-B50F-01DB8D2F9C80}
	EndGlobalSection
EndGlobal
